
Microsoft Visual Studio Solution File, Format Version 12.00
# Visual Studio Version 17
VisualStudioVersion = 17.9.34701.34
MinimumVisualStudioVersion = 10.0.40219.1
Project("{FAE04EC0-301F-11D3-BF4B-00C04F79EFBC}") = "TRex", "TRex.csproj", "{02557703-2701-43E6-B7FC-571CC0845A7C}"
EndProject
Global
	GlobalSection(SolutionConfigurationPlatforms) = preSolution
		Debug|Any CPU = Debug|Any CPU
		Release|Any CPU = Release|Any CPU
	EndGlobalSection
	GlobalSection(ProjectConfigurationPlatforms) = postSolution
		{02557703-2701-43E6-B7FC-571CC0845A7C}.Debug|Any CPU.ActiveCfg = Debug|Any CPU
		{02557703-2701-43E6-B7FC-571CC0845A7C}.Debug|Any CPU.Build.0 = Debug|Any CPU
		{02557703-2701-43E6-B7FC-571CC0845A7C}.Release|Any CPU.ActiveCfg = Release|Any CPU
		{02557703-2701-43E6-B7FC-571CC0845A7C}.Release|Any CPU.Build.0 = Release|Any CPU
	EndGlobalSection
	GlobalSection(SolutionProperties) = preSolution
		HideSolutionNode = FALSE
	EndGlobalSection
	GlobalSection(ExtensibilityGlobals) = postSolution
		SolutionGuid = {36112859-4B27-4F74-A4E6-AC54DB11C9B3}
	EndGlobalSection
EndGlobal
